// !$*UTF8*$!
{
	archiveVersion = 1;
	classes = {
	};
	objectVersion = 46;
	objects = {

/* Begin PBXBuildFile section */
		5A2284511645C0180066BD93 /* UIKit.framework in Frameworks */ = {isa = PBXBuildFile; fileRef = 5A2284501645C0180066BD93 /* UIKit.framework */; };
		5A2284531645C0180066BD93 /* Foundation.framework in Frameworks */ = {isa = PBXBuildFile; fileRef = 5A2284521645C0180066BD93 /* Foundation.framework */; };
		5A2284551645C0180066BD93 /* CoreGraphics.framework in Frameworks */ = {isa = PBXBuildFile; fileRef = 5A2284541645C0180066BD93 /* CoreGraphics.framework */; };
		5A22847D1645C1870066BD93 /* AudioToolbox.framework in Frameworks */ = {isa = PBXBuildFile; fileRef = 5A22847C1645C1870066BD93 /* AudioToolbox.framework */; };
		5A22847F1645C6FE0066BD93 /* AVFoundation.framework in Frameworks */ = {isa = PBXBuildFile; fileRef = 5A22847E1645C6FE0066BD93 /* AVFoundation.framework */; };
		5A340E9A166DA89C00784BA5 /* recordViewController.m in Sources */ = {isa = PBXBuildFile; fileRef = 5A340E99166DA89C00784BA5 /* recordViewController.m */; };
		5A340E9E166DA8AA00784BA5 /* recordViewController.xib in Resources */ = {isa = PBXBuildFile; fileRef = 5A340E9C166DA8AA00784BA5 /* recordViewController.xib */; };
		5A63F7CD1668F76000585DE0 /* QuartzCore.framework in Frameworks */ = {isa = PBXBuildFile; fileRef = 5A63F7CC1668F76000585DE0 /* QuartzCore.framework */; };
		5A9DE5631671041B00D63C6C /* boing.mp3 in Resources */ = {isa = PBXBuildFile; fileRef = 5A9DE55F1671041B00D63C6C /* boing.mp3 */; };
		5A9DE5641671041B00D63C6C /* creak.mp3 in Resources */ = {isa = PBXBuildFile; fileRef = 5A9DE5601671041B00D63C6C /* creak.mp3 */; };
		5A9DE5651671041B00D63C6C /* slosh.mp3 in Resources */ = {isa = PBXBuildFile; fileRef = 5A9DE5611671041B00D63C6C /* slosh.mp3 */; };
		5A9DE569167105B000D63C6C /* slidedown.mp3 in Resources */ = {isa = PBXBuildFile; fileRef = 5A9DE568167105B000D63C6C /* slidedown.mp3 */; };
		5A9DE56B16710DF900D63C6C /* icon.png in Resources */ = {isa = PBXBuildFile; fileRef = 5A9DE56A16710DF900D63C6C /* icon.png */; };
		5A9DE56D16710DFE00D63C6C /* icon@2x.png in Resources */ = {isa = PBXBuildFile; fileRef = 5A9DE56C16710DFE00D63C6C /* icon@2x.png */; };
		5A9DE56F167119EA00D63C6C /* ding.mp3 in Resources */ = {isa = PBXBuildFile; fileRef = 5A9DE56E167119EA00D63C6C /* ding.mp3 */; };
		5A9DE5721671362800D63C6C /* ui_clear_custom_audio.png in Resources */ = {isa = PBXBuildFile; fileRef = 5A9DE5701671362800D63C6C /* ui_clear_custom_audio.png */; };
		5A9DE5731671362800D63C6C /* ui_record_custom_audio.png in Resources */ = {isa = PBXBuildFile; fileRef = 5A9DE5711671362800D63C6C /* ui_record_custom_audio.png */; };
		5A9DE5781671384E00D63C6C /* ui_pause_icon.png in Resources */ = {isa = PBXBuildFile; fileRef = 5A9DE5741671384E00D63C6C /* ui_pause_icon.png */; };
		5A9DE5791671384E00D63C6C /* ui_play_icon.png in Resources */ = {isa = PBXBuildFile; fileRef = 5A9DE5751671384E00D63C6C /* ui_play_icon.png */; };
		5A9DE57A1671384E00D63C6C /* ui_record_icon.png in Resources */ = {isa = PBXBuildFile; fileRef = 5A9DE5761671384E00D63C6C /* ui_record_icon.png */; };
		5A9DE57B1671384E00D63C6C /* ui_stop_icon.png in Resources */ = {isa = PBXBuildFile; fileRef = 5A9DE5771671384E00D63C6C /* ui_stop_icon.png */; };
		5A9DE57D1671398100D63C6C /* ui_close_icon.png in Resources */ = {isa = PBXBuildFile; fileRef = 5A9DE57C1671398100D63C6C /* ui_close_icon.png */; };
		5ABFD50616695A5E009ED510 /* misc_bucket.png in Resources */ = {isa = PBXBuildFile; fileRef = 5ABFD50516695A5E009ED510 /* misc_bucket.png */; };
		5AC552081672A7A9002F28A8 /* and.mp3 in Resources */ = {isa = PBXBuildFile; fileRef = 5AC552011672A7A9002F28A8 /* and.mp3 */; };
		5AC552091672A7A9002F28A8 /* hill.mp3 in Resources */ = {isa = PBXBuildFile; fileRef = 5AC552021672A7A9002F28A8 /* hill.mp3 */; };
		5AC5520A1672A7A9002F28A8 /* jack.mp3 in Resources */ = {isa = PBXBuildFile; fileRef = 5AC552031672A7A9002F28A8 /* jack.mp3 */; };
		5AC5520B1672A7A9002F28A8 /* jill.mp3 in Resources */ = {isa = PBXBuildFile; fileRef = 5AC552041672A7A9002F28A8 /* jill.mp3 */; };
		5AC5520C1672A7A9002F28A8 /* the.mp3 in Resources */ = {isa = PBXBuildFile; fileRef = 5AC552051672A7A9002F28A8 /* the.mp3 */; };
		5AC5520D1672A7A9002F28A8 /* up.mp3 in Resources */ = {isa = PBXBuildFile; fileRef = 5AC552061672A7A9002F28A8 /* up.mp3 */; };
		5AC5520E1672A7A9002F28A8 /* went.mp3 in Resources */ = {isa = PBXBuildFile; fileRef = 5AC552071672A7A9002F28A8 /* went.mp3 */; };
		5AD6928C16718B2100D8C396 /* jj_if.aif in Resources */ = {isa = PBXBuildFile; fileRef = 5AD6928A16718B2100D8C396 /* jj_if.aif */; };
		5AD6928D16718B2100D8C396 /* jj_mf.aif in Resources */ = {isa = PBXBuildFile; fileRef = 5AD6928B16718B2100D8C396 /* jj_mf.aif */; };
		5AD6929016718EDF00D8C396 /* trash.mp3 in Resources */ = {isa = PBXBuildFile; fileRef = 5AD6928F16718EDF00D8C396 /* trash.mp3 */; };
		5AD692921671908800D8C396 /* click.mp3 in Resources */ = {isa = PBXBuildFile; fileRef = 5AD692911671908800D8C396 /* click.mp3 */; };
		5AED84D31651609E0011BB36 /* Actor.m in Sources */ = {isa = PBXBuildFile; fileRef = 5AED84CE1651609E0011BB36 /* Actor.m */; };
		5AED84D41651609E0011BB36 /* AppDelegate.m in Sources */ = {isa = PBXBuildFile; fileRef = 5AED84D01651609E0011BB36 /* AppDelegate.m */; };
		5AED84D51651609E0011BB36 /* ViewController.m in Sources */ = {isa = PBXBuildFile; fileRef = 5AED84D21651609E0011BB36 /* ViewController.m */; };
		5AED84DF165161510011BB36 /* Default-568h@2x.png in Resources */ = {isa = PBXBuildFile; fileRef = 5AED84DA165161510011BB36 /* Default-568h@2x.png */; };
		5AED84E0165161510011BB36 /* Default.png in Resources */ = {isa = PBXBuildFile; fileRef = 5AED84DB165161510011BB36 /* Default.png */; };
		5AED84E1165161510011BB36 /* Default@2x.png in Resources */ = {isa = PBXBuildFile; fileRef = 5AED84DC165161510011BB36 /* Default@2x.png */; };
		5AED84E2165161510011BB36 /* main.m in Sources */ = {isa = PBXBuildFile; fileRef = 5AED84DE165161510011BB36 /* main.m */; };
		5AED84E4165161660011BB36 /* page1.aif in Resources */ = {isa = PBXBuildFile; fileRef = 5AED84E3165161660011BB36 /* page1.aif */; };
		5AED84EF165161730011BB36 /* bg_hill.png in Resources */ = {isa = PBXBuildFile; fileRef = 5AED84E5165161730011BB36 /* bg_hill.png */; };
		5AED84F0165161730011BB36 /* btn_pause.png in Resources */ = {isa = PBXBuildFile; fileRef = 5AED84E6165161730011BB36 /* btn_pause.png */; };
		5AED84F1165161730011BB36 /* btn_play.png in Resources */ = {isa = PBXBuildFile; fileRef = 5AED84E7165161730011BB36 /* btn_play.png */; };
		5AED84F2165161730011BB36 /* btn_record.png in Resources */ = {isa = PBXBuildFile; fileRef = 5AED84E8165161730011BB36 /* btn_record.png */; };
		5AED84F3165161730011BB36 /* btn_stop.png in Resources */ = {isa = PBXBuildFile; fileRef = 5AED84E9165161730011BB36 /* btn_stop.png */; };
		5AED84F4165161730011BB36 /* character_jack.png in Resources */ = {isa = PBXBuildFile; fileRef = 5AED84EA165161730011BB36 /* character_jack.png */; };
		5AED84F5165161730011BB36 /* character_jill.png in Resources */ = {isa = PBXBuildFile; fileRef = 5AED84EB165161730011BB36 /* character_jill.png */; };
		5AED84F6165161730011BB36 /* misc_cloud1.png in Resources */ = {isa = PBXBuildFile; fileRef = 5AED84EC165161730011BB36 /* misc_cloud1.png */; };
		5AED84F7165161730011BB36 /* misc_cloud2.png in Resources */ = {isa = PBXBuildFile; fileRef = 5AED84ED165161730011BB36 /* misc_cloud2.png */; };
		5AED84F8165161730011BB36 /* misc_well.png in Resources */ = {isa = PBXBuildFile; fileRef = 5AED84EE165161730011BB36 /* misc_well.png */; };
		5AED84FE165161E20011BB36 /* InfoPlist.strings in Resources */ = {isa = PBXBuildFile; fileRef = 5AED84FA165161E20011BB36 /* InfoPlist.strings */; };
		5AED84FF165161E20011BB36 /* ViewController.xib in Resources */ = {isa = PBXBuildFile; fileRef = 5AED84FC165161E20011BB36 /* ViewController.xib */; };
/* End PBXBuildFile section */

/* Begin PBXFileReference section */
		5A22844C1645C0180066BD93 /* IncompleteStorybookApp.app */ = {isa = PBXFileReference; explicitFileType = wrapper.application; includeInIndex = 0; path = IncompleteStorybookApp.app; sourceTree = BUILT_PRODUCTS_DIR; };
		5A2284501645C0180066BD93 /* UIKit.framework */ = {isa = PBXFileReference; lastKnownFileType = wrapper.framework; name = UIKit.framework; path = System/Library/Frameworks/UIKit.framework; sourceTree = SDKROOT; };
		5A2284521645C0180066BD93 /* Foundation.framework */ = {isa = PBXFileReference; lastKnownFileType = wrapper.framework; name = Foundation.framework; path = System/Library/Frameworks/Foundation.framework; sourceTree = SDKROOT; };
		5A2284541645C0180066BD93 /* CoreGraphics.framework */ = {isa = PBXFileReference; lastKnownFileType = wrapper.framework; name = CoreGraphics.framework; path = System/Library/Frameworks/CoreGraphics.framework; sourceTree = SDKROOT; };
		5A22847C1645C1870066BD93 /* AudioToolbox.framework */ = {isa = PBXFileReference; lastKnownFileType = wrapper.framework; name = AudioToolbox.framework; path = System/Library/Frameworks/AudioToolbox.framework; sourceTree = SDKROOT; };
		5A22847E1645C6FE0066BD93 /* AVFoundation.framework */ = {isa = PBXFileReference; lastKnownFileType = wrapper.framework; name = AVFoundation.framework; path = System/Library/Frameworks/AVFoundation.framework; sourceTree = SDKROOT; };
		5A340E98166DA89C00784BA5 /* recordViewController.h */ = {isa = PBXFileReference; fileEncoding = 4; lastKnownFileType = sourcecode.c.h; name = recordViewController.h; path = IncompleteStorybookApp/recordViewController.h; sourceTree = SOURCE_ROOT; };
		5A340E99166DA89C00784BA5 /* recordViewController.m */ = {isa = PBXFileReference; fileEncoding = 4; lastKnownFileType = sourcecode.c.objc; name = recordViewController.m; path = IncompleteStorybookApp/recordViewController.m; sourceTree = SOURCE_ROOT; };
		5A340E9D166DA8AA00784BA5 /* en */ = {isa = PBXFileReference; lastKnownFileType = file.xib; name = en; path = recordViewController.xib; sourceTree = "<group>"; };
		5A63F7CC1668F76000585DE0 /* QuartzCore.framework */ = {isa = PBXFileReference; lastKnownFileType = wrapper.framework; name = QuartzCore.framework; path = System/Library/Frameworks/QuartzCore.framework; sourceTree = SDKROOT; };
		5A9DE55F1671041B00D63C6C /* boing.mp3 */ = {isa = PBXFileReference; lastKnownFileType = audio.mp3; path = boing.mp3; sourceTree = "<group>"; };
		5A9DE5601671041B00D63C6C /* creak.mp3 */ = {isa = PBXFileReference; lastKnownFileType = audio.mp3; path = creak.mp3; sourceTree = "<group>"; };
		5A9DE5611671041B00D63C6C /* slosh.mp3 */ = {isa = PBXFileReference; lastKnownFileType = audio.mp3; path = slosh.mp3; sourceTree = "<group>"; };
		5A9DE568167105B000D63C6C /* slidedown.mp3 */ = {isa = PBXFileReference; lastKnownFileType = audio.mp3; path = slidedown.mp3; sourceTree = "<group>"; };
		5A9DE56A16710DF900D63C6C /* icon.png */ = {isa = PBXFileReference; lastKnownFileType = image.png; path = icon.png; sourceTree = "<group>"; };
		5A9DE56C16710DFE00D63C6C /* icon@2x.png */ = {isa = PBXFileReference; lastKnownFileType = image.png; path = "icon@2x.png"; sourceTree = "<group>"; };
		5A9DE56E167119EA00D63C6C /* ding.mp3 */ = {isa = PBXFileReference; lastKnownFileType = audio.mp3; path = ding.mp3; sourceTree = "<group>"; };
		5A9DE5701671362800D63C6C /* ui_clear_custom_audio.png */ = {isa = PBXFileReference; lastKnownFileType = image.png; name = ui_clear_custom_audio.png; path = IncompleteStorybookApp/images/ui_clear_custom_audio.png; sourceTree = SOURCE_ROOT; };
		5A9DE5711671362800D63C6C /* ui_record_custom_audio.png */ = {isa = PBXFileReference; lastKnownFileType = image.png; name = ui_record_custom_audio.png; path = IncompleteStorybookApp/images/ui_record_custom_audio.png; sourceTree = SOURCE_ROOT; };
		5A9DE5741671384E00D63C6C /* ui_pause_icon.png */ = {isa = PBXFileReference; lastKnownFileType = image.png; name = ui_pause_icon.png; path = IncompleteStorybookApp/images/ui_pause_icon.png; sourceTree = SOURCE_ROOT; };
		5A9DE5751671384E00D63C6C /* ui_play_icon.png */ = {isa = PBXFileReference; lastKnownFileType = image.png; name = ui_play_icon.png; path = IncompleteStorybookApp/images/ui_play_icon.png; sourceTree = SOURCE_ROOT; };
		5A9DE5761671384E00D63C6C /* ui_record_icon.png */ = {isa = PBXFileReference; lastKnownFileType = image.png; name = ui_record_icon.png; path = IncompleteStorybookApp/images/ui_record_icon.png; sourceTree = SOURCE_ROOT; };
		5A9DE5771671384E00D63C6C /* ui_stop_icon.png */ = {isa = PBXFileReference; lastKnownFileType = image.png; name = ui_stop_icon.png; path = IncompleteStorybookApp/images/ui_stop_icon.png; sourceTree = SOURCE_ROOT; };
		5A9DE57C1671398100D63C6C /* ui_close_icon.png */ = {isa = PBXFileReference; lastKnownFileType = image.png; name = ui_close_icon.png; path = IncompleteStorybookApp/images/ui_close_icon.png; sourceTree = SOURCE_ROOT; };
		5ABFD50516695A5E009ED510 /* misc_bucket.png */ = {isa = PBXFileReference; lastKnownFileType = image.png; name = misc_bucket.png; path = IncompleteStorybookApp/images/misc_bucket.png; sourceTree = SOURCE_ROOT; };
		5AC552011672A7A9002F28A8 /* and.mp3 */ = {isa = PBXFileReference; lastKnownFileType = audio.mp3; path = and.mp3; sourceTree = "<group>"; };
		5AC552021672A7A9002F28A8 /* hill.mp3 */ = {isa = PBXFileReference; lastKnownFileType = audio.mp3; path = hill.mp3; sourceTree = "<group>"; };
		5AC552031672A7A9002F28A8 /* jack.mp3 */ = {isa = PBXFileReference; lastKnownFileType = audio.mp3; path = jack.mp3; sourceTree = "<group>"; };
		5AC552041672A7A9002F28A8 /* jill.mp3 */ = {isa = PBXFileReference; lastKnownFileType = audio.mp3; path = jill.mp3; sourceTree = "<group>"; };
		5AC552051672A7A9002F28A8 /* the.mp3 */ = {isa = PBXFileReference; lastKnownFileType = audio.mp3; path = the.mp3; sourceTree = "<group>"; };
		5AC552061672A7A9002F28A8 /* up.mp3 */ = {isa = PBXFileReference; lastKnownFileType = audio.mp3; path = up.mp3; sourceTree = "<group>"; };
		5AC552071672A7A9002F28A8 /* went.mp3 */ = {isa = PBXFileReference; lastKnownFileType = audio.mp3; path = went.mp3; sourceTree = "<group>"; };
		5AD6928A16718B2100D8C396 /* jj_if.aif */ = {isa = PBXFileReference; lastKnownFileType = file; name = jj_if.aif; path = IncompleteStorybookApp/Audio/jj_if.aif; sourceTree = SOURCE_ROOT; };
		5AD6928B16718B2100D8C396 /* jj_mf.aif */ = {isa = PBXFileReference; lastKnownFileType = file; name = jj_mf.aif; path = IncompleteStorybookApp/Audio/jj_mf.aif; sourceTree = SOURCE_ROOT; };
		5AD6928F16718EDF00D8C396 /* trash.mp3 */ = {isa = PBXFileReference; lastKnownFileType = audio.mp3; path = trash.mp3; sourceTree = "<group>"; };
		5AD692911671908800D8C396 /* click.mp3 */ = {isa = PBXFileReference; lastKnownFileType = audio.mp3; path = click.mp3; sourceTree = "<group>"; };
		5AED84CD1651609E0011BB36 /* Actor.h */ = {isa = PBXFileReference; fileEncoding = 4; lastKnownFileType = sourcecode.c.h; name = Actor.h; path = IncompleteStorybookApp/Actor.h; sourceTree = SOURCE_ROOT; };
		5AED84CE1651609E0011BB36 /* Actor.m */ = {isa = PBXFileReference; fileEncoding = 4; lastKnownFileType = sourcecode.c.objc; name = Actor.m; path = IncompleteStorybookApp/Actor.m; sourceTree = SOURCE_ROOT; };
		5AED84CF1651609E0011BB36 /* AppDelegate.h */ = {isa = PBXFileReference; fileEncoding = 4; lastKnownFileType = sourcecode.c.h; name = AppDelegate.h; path = IncompleteStorybookApp/AppDelegate.h; sourceTree = SOURCE_ROOT; };
		5AED84D01651609E0011BB36 /* AppDelegate.m */ = {isa = PBXFileReference; fileEncoding = 4; lastKnownFileType = sourcecode.c.objc; name = AppDelegate.m; path = IncompleteStorybookApp/AppDelegate.m; sourceTree = SOURCE_ROOT; };
		5AED84D11651609E0011BB36 /* ViewController.h */ = {isa = PBXFileReference; fileEncoding = 4; lastKnownFileType = sourcecode.c.h; name = ViewController.h; path = IncompleteStorybookApp/ViewController.h; sourceTree = SOURCE_ROOT; };
		5AED84D21651609E0011BB36 /* ViewController.m */ = {isa = PBXFileReference; fileEncoding = 4; lastKnownFileType = sourcecode.c.objc; name = ViewController.m; path = IncompleteStorybookApp/ViewController.m; sourceTree = SOURCE_ROOT; };
		5AED84D8165161310011BB36 /* IncompleteStorybookApp-Info.plist */ = {isa = PBXFileReference; fileEncoding = 4; lastKnownFileType = text.plist.xml; name = "IncompleteStorybookApp-Info.plist"; path = "IncompleteStorybookApp/IncompleteStorybookApp-Info.plist"; sourceTree = SOURCE_ROOT; };
		5AED84DA165161510011BB36 /* Default-568h@2x.png */ = {isa = PBXFileReference; lastKnownFileType = image.png; name = "Default-568h@2x.png"; path = "IncompleteStorybookApp/Default-568h@2x.png"; sourceTree = SOURCE_ROOT; };
		5AED84DB165161510011BB36 /* Default.png */ = {isa = PBXFileReference; lastKnownFileType = image.png; name = Default.png; path = IncompleteStorybookApp/Default.png; sourceTree = SOURCE_ROOT; };
		5AED84DC165161510011BB36 /* Default@2x.png */ = {isa = PBXFileReference; lastKnownFileType = image.png; name = "Default@2x.png"; path = "IncompleteStorybookApp/Default@2x.png"; sourceTree = SOURCE_ROOT; };
		5AED84DD165161510011BB36 /* IncompleteStorybookApp-Prefix.pch */ = {isa = PBXFileReference; fileEncoding = 4; lastKnownFileType = sourcecode.c.h; name = "IncompleteStorybookApp-Prefix.pch"; path = "IncompleteStorybookApp/IncompleteStorybookApp-Prefix.pch"; sourceTree = SOURCE_ROOT; };
		5AED84DE165161510011BB36 /* main.m */ = {isa = PBXFileReference; fileEncoding = 4; lastKnownFileType = sourcecode.c.objc; name = main.m; path = IncompleteStorybookApp/main.m; sourceTree = SOURCE_ROOT; };
		5AED84E3165161660011BB36 /* page1.aif */ = {isa = PBXFileReference; lastKnownFileType = file; name = page1.aif; path = IncompleteStorybookApp/Audio/page1.aif; sourceTree = SOURCE_ROOT; };
		5AED84E5165161730011BB36 /* bg_hill.png */ = {isa = PBXFileReference; lastKnownFileType = image.png; name = bg_hill.png; path = IncompleteStorybookApp/images/bg_hill.png; sourceTree = SOURCE_ROOT; };
		5AED84E6165161730011BB36 /* btn_pause.png */ = {isa = PBXFileReference; lastKnownFileType = image.png; name = btn_pause.png; path = IncompleteStorybookApp/images/btn_pause.png; sourceTree = SOURCE_ROOT; };
		5AED84E7165161730011BB36 /* btn_play.png */ = {isa = PBXFileReference; lastKnownFileType = image.png; name = btn_play.png; path = IncompleteStorybookApp/images/btn_play.png; sourceTree = SOURCE_ROOT; };
		5AED84E8165161730011BB36 /* btn_record.png */ = {isa = PBXFileReference; lastKnownFileType = image.png; name = btn_record.png; path = IncompleteStorybookApp/images/btn_record.png; sourceTree = SOURCE_ROOT; };
		5AED84E9165161730011BB36 /* btn_stop.png */ = {isa = PBXFileReference; lastKnownFileType = image.png; name = btn_stop.png; path = IncompleteStorybookApp/images/btn_stop.png; sourceTree = SOURCE_ROOT; };
		5AED84EA165161730011BB36 /* character_jack.png */ = {isa = PBXFileReference; lastKnownFileType = image.png; name = character_jack.png; path = IncompleteStorybookApp/images/character_jack.png; sourceTree = SOURCE_ROOT; };
		5AED84EB165161730011BB36 /* character_jill.png */ = {isa = PBXFileReference; lastKnownFileType = image.png; name = character_jill.png; path = IncompleteStorybookApp/images/character_jill.png; sourceTree = SOURCE_ROOT; };
		5AED84EC165161730011BB36 /* misc_cloud1.png */ = {isa = PBXFileReference; lastKnownFileType = image.png; name = misc_cloud1.png; path = IncompleteStorybookApp/images/misc_cloud1.png; sourceTree = SOURCE_ROOT; };
		5AED84ED165161730011BB36 /* misc_cloud2.png */ = {isa = PBXFileReference; lastKnownFileType = image.png; name = misc_cloud2.png; path = IncompleteStorybookApp/images/misc_cloud2.png; sourceTree = SOURCE_ROOT; };
		5AED84EE165161730011BB36 /* misc_well.png */ = {isa = PBXFileReference; lastKnownFileType = image.png; name = misc_well.png; path = IncompleteStorybookApp/images/misc_well.png; sourceTree = SOURCE_ROOT; };
		5AED84FB165161E20011BB36 /* en */ = {isa = PBXFileReference; lastKnownFileType = text.plist.strings; name = en; path = InfoPlist.strings; sourceTree = "<group>"; };
		5AED84FD165161E20011BB36 /* en */ = {isa = PBXFileReference; lastKnownFileType = file.xib; name = en; path = ViewController.xib; sourceTree = "<group>"; };
/* End PBXFileReference section */

/* Begin PBXFrameworksBuildPhase section */
		5A2284491645C0170066BD93 /* Frameworks */ = {
			isa = PBXFrameworksBuildPhase;
			buildActionMask = 2147483647;
			files = (
				5A63F7CD1668F76000585DE0 /* QuartzCore.framework in Frameworks */,
				5A22847F1645C6FE0066BD93 /* AVFoundation.framework in Frameworks */,
				5A22847D1645C1870066BD93 /* AudioToolbox.framework in Frameworks */,
				5A2284511645C0180066BD93 /* UIKit.framework in Frameworks */,
				5A2284531645C0180066BD93 /* Foundation.framework in Frameworks */,
				5A2284551645C0180066BD93 /* CoreGraphics.framework in Frameworks */,
			);
			runOnlyForDeploymentPostprocessing = 0;
		};
/* End PBXFrameworksBuildPhase section */

/* Begin PBXGroup section */
		5A2284411645C0170066BD93 = {
			isa = PBXGroup;
			children = (
				5A9DE56C16710DFE00D63C6C /* icon@2x.png */,
				5A9DE56A16710DF900D63C6C /* icon.png */,
				5A2284561645C0180066BD93 /* IncompleteStorybookApp */,
				5A22844F1645C0180066BD93 /* Frameworks */,
				5A22844D1645C0180066BD93 /* Products */,
			);
			sourceTree = "<group>";
		};
		5A22844D1645C0180066BD93 /* Products */ = {
			isa = PBXGroup;
			children = (
				5A22844C1645C0180066BD93 /* IncompleteStorybookApp.app */,
			);
			name = Products;
			sourceTree = "<group>";
		};
		5A22844F1645C0180066BD93 /* Frameworks */ = {
			isa = PBXGroup;
			children = (
				5A63F7CC1668F76000585DE0 /* QuartzCore.framework */,
				5A22847E1645C6FE0066BD93 /* AVFoundation.framework */,
				5A22847C1645C1870066BD93 /* AudioToolbox.framework */,
				5A2284501645C0180066BD93 /* UIKit.framework */,
				5A2284521645C0180066BD93 /* Foundation.framework */,
				5A2284541645C0180066BD93 /* CoreGraphics.framework */,
			);
			name = Frameworks;
			sourceTree = "<group>";
		};
		5A2284561645C0180066BD93 /* IncompleteStorybookApp */ = {
			isa = PBXGroup;
			children = (
				5A340E98166DA89C00784BA5 /* recordViewController.h */,
				5A340E99166DA89C00784BA5 /* recordViewController.m */,
				5AED84CD1651609E0011BB36 /* Actor.h */,
				5AED84CE1651609E0011BB36 /* Actor.m */,
				5AED84CF1651609E0011BB36 /* AppDelegate.h */,
				5AED84D01651609E0011BB36 /* AppDelegate.m */,
				5AED84D11651609E0011BB36 /* ViewController.h */,
				5AED84D21651609E0011BB36 /* ViewController.m */,
				5A8B27F0164B698B004C4EB3 /* Images */,
				5A2284791645C1020066BD93 /* Audio */,
				5AC552001672A7A9002F28A8 /* Words */,
				5A9DE55E1671041B00D63C6C /* Sounds */,
				5A2284571645C0180066BD93 /* Supporting Files */,
			);
			name = IncompleteStorybookApp;
			path = AudioTest01;
			sourceTree = "<group>";
		};
		5A2284571645C0180066BD93 /* Supporting Files */ = {
			isa = PBXGroup;
			children = (
				5AED84F9165161E20011BB36 /* en.lproj */,
				5AED84DA165161510011BB36 /* Default-568h@2x.png */,
				5AED84DB165161510011BB36 /* Default.png */,
				5AED84DC165161510011BB36 /* Default@2x.png */,
				5AED84DD165161510011BB36 /* IncompleteStorybookApp-Prefix.pch */,
				5AED84DE165161510011BB36 /* main.m */,
				5AED84D8165161310011BB36 /* IncompleteStorybookApp-Info.plist */,
			);
			name = "Supporting Files";
			sourceTree = "<group>";
		};
		5A2284791645C1020066BD93 /* Audio */ = {
			isa = PBXGroup;
			children = (
				5AD6928A16718B2100D8C396 /* jj_if.aif */,
				5AD6928B16718B2100D8C396 /* jj_mf.aif */,
				5AED84E3165161660011BB36 /* page1.aif */,
			);
			path = Audio;
			sourceTree = "<group>";
		};
		5A8B27F0164B698B004C4EB3 /* Images */ = {
			isa = PBXGroup;
			children = (
				5A9DE57C1671398100D63C6C /* ui_close_icon.png */,
				5A9DE5741671384E00D63C6C /* ui_pause_icon.png */,
				5A9DE5751671384E00D63C6C /* ui_play_icon.png */,
				5A9DE5761671384E00D63C6C /* ui_record_icon.png */,
				5A9DE5771671384E00D63C6C /* ui_stop_icon.png */,
				5A9DE5701671362800D63C6C /* ui_clear_custom_audio.png */,
				5A9DE5711671362800D63C6C /* ui_record_custom_audio.png */,
				5AED84E5165161730011BB36 /* bg_hill.png */,
				5AED84E6165161730011BB36 /* btn_pause.png */,
				5AED84E7165161730011BB36 /* btn_play.png */,
				5AED84E8165161730011BB36 /* btn_record.png */,
				5AED84E9165161730011BB36 /* btn_stop.png */,
				5AED84EA165161730011BB36 /* character_jack.png */,
				5AED84EB165161730011BB36 /* character_jill.png */,
				5AED84EC165161730011BB36 /* misc_cloud1.png */,
				5AED84ED165161730011BB36 /* misc_cloud2.png */,
				5ABFD50516695A5E009ED510 /* misc_bucket.png */,
				5AED84EE165161730011BB36 /* misc_well.png */,
			);
			path = Images;
			sourceTree = "<group>";
		};
		5A9DE55E1671041B00D63C6C /* Sounds */ = {
			isa = PBXGroup;
			children = (
				5AD692911671908800D8C396 /* click.mp3 */,
				5AD6928F16718EDF00D8C396 /* trash.mp3 */,
				5A9DE56E167119EA00D63C6C /* ding.mp3 */,
				5A9DE568167105B000D63C6C /* slidedown.mp3 */,
				5A9DE55F1671041B00D63C6C /* boing.mp3 */,
				5A9DE5601671041B00D63C6C /* creak.mp3 */,
				5A9DE5611671041B00D63C6C /* slosh.mp3 */,
			);
			name = Sounds;
			path = IncompleteStorybookApp/Sounds;
			sourceTree = SOURCE_ROOT;
		};
		5AC552001672A7A9002F28A8 /* Words */ = {
			isa = PBXGroup;
			children = (
				5AC552011672A7A9002F28A8 /* and.mp3 */,
				5AC552021672A7A9002F28A8 /* hill.mp3 */,
				5AC552031672A7A9002F28A8 /* jack.mp3 */,
				5AC552041672A7A9002F28A8 /* jill.mp3 */,
				5AC552051672A7A9002F28A8 /* the.mp3 */,
				5AC552061672A7A9002F28A8 /* up.mp3 */,
				5AC552071672A7A9002F28A8 /* went.mp3 */,
			);
			name = Words;
			path = IncompleteStorybookApp/Words;
			sourceTree = SOURCE_ROOT;
		};
		5AED84F9165161E20011BB36 /* en.lproj */ = {
			isa = PBXGroup;
			children = (
				5A340E9C166DA8AA00784BA5 /* recordViewController.xib */,
				5AED84FA165161E20011BB36 /* InfoPlist.strings */,
				5AED84FC165161E20011BB36 /* ViewController.xib */,
			);
			name = en.lproj;
			path = IncompleteStorybookApp/en.lproj;
			sourceTree = SOURCE_ROOT;
		};
/* End PBXGroup section */

/* Begin PBXNativeTarget section */
		5A22844B1645C0170066BD93 /* IncompleteStorybookApp */ = {
			isa = PBXNativeTarget;
			buildConfigurationList = 5A2284701645C0180066BD93 /* Build configuration list for PBXNativeTarget "IncompleteStorybookApp" */;
			buildPhases = (
				5A2284481645C0170066BD93 /* Sources */,
				5A2284491645C0170066BD93 /* Frameworks */,
				5A22844A1645C0170066BD93 /* Resources */,
			);
			buildRules = (
			);
			dependencies = (
			);
			name = IncompleteStorybookApp;
			productName = AudioTest01;
			productReference = 5A22844C1645C0180066BD93 /* IncompleteStorybookApp.app */;
			productType = "com.apple.product-type.application";
		};
/* End PBXNativeTarget section */

/* Begin PBXProject section */
		5A2284431645C0170066BD93 /* Project object */ = {
			isa = PBXProject;
			attributes = {
				LastUpgradeCheck = 0450;
				ORGANIZATIONNAME = "TJ Fletcher";
			};
			buildConfigurationList = 5A2284461645C0170066BD93 /* Build configuration list for PBXProject "IncompleteStorybookApp" */;
			compatibilityVersion = "Xcode 3.2";
			developmentRegion = English;
			hasScannedForEncodings = 0;
			knownRegions = (
				en,
			);
			mainGroup = 5A2284411645C0170066BD93;
			productRefGroup = 5A22844D1645C0180066BD93 /* Products */;
			projectDirPath = "";
			projectRoot = "";
			targets = (
				5A22844B1645C0170066BD93 /* IncompleteStorybookApp */,
			);
		};
/* End PBXProject section */

/* Begin PBXResourcesBuildPhase section */
		5A22844A1645C0170066BD93 /* Resources */ = {
			isa = PBXResourcesBuildPhase;
			buildActionMask = 2147483647;
			files = (
				5AED84DF165161510011BB36 /* Default-568h@2x.png in Resources */,
				5AED84E0165161510011BB36 /* Default.png in Resources */,
				5AED84E1165161510011BB36 /* Default@2x.png in Resources */,
				5AED84E4165161660011BB36 /* page1.aif in Resources */,
				5AED84EF165161730011BB36 /* bg_hill.png in Resources */,
				5AED84F0165161730011BB36 /* btn_pause.png in Resources */,
				5AED84F1165161730011BB36 /* btn_play.png in Resources */,
				5AED84F2165161730011BB36 /* btn_record.png in Resources */,
				5AED84F3165161730011BB36 /* btn_stop.png in Resources */,
				5AED84F4165161730011BB36 /* character_jack.png in Resources */,
				5AED84F5165161730011BB36 /* character_jill.png in Resources */,
				5AED84F6165161730011BB36 /* misc_cloud1.png in Resources */,
				5AED84F7165161730011BB36 /* misc_cloud2.png in Resources */,
				5AED84F8165161730011BB36 /* misc_well.png in Resources */,
				5AED84FE165161E20011BB36 /* InfoPlist.strings in Resources */,
				5AED84FF165161E20011BB36 /* ViewController.xib in Resources */,
				5ABFD50616695A5E009ED510 /* misc_bucket.png in Resources */,
				5A340E9E166DA8AA00784BA5 /* recordViewController.xib in Resources */,
				5A9DE5631671041B00D63C6C /* boing.mp3 in Resources */,
				5A9DE5641671041B00D63C6C /* creak.mp3 in Resources */,
				5A9DE5651671041B00D63C6C /* slosh.mp3 in Resources */,
				5A9DE569167105B000D63C6C /* slidedown.mp3 in Resources */,
				5A9DE56B16710DF900D63C6C /* icon.png in Resources */,
				5A9DE56D16710DFE00D63C6C /* icon@2x.png in Resources */,
				5A9DE56F167119EA00D63C6C /* ding.mp3 in Resources */,
				5A9DE5721671362800D63C6C /* ui_clear_custom_audio.png in Resources */,
				5A9DE5731671362800D63C6C /* ui_record_custom_audio.png in Resources */,
				5A9DE5781671384E00D63C6C /* ui_pause_icon.png in Resources */,
				5A9DE5791671384E00D63C6C /* ui_play_icon.png in Resources */,
				5A9DE57A1671384E00D63C6C /* ui_record_icon.png in Resources */,
				5A9DE57B1671384E00D63C6C /* ui_stop_icon.png in Resources */,
				5A9DE57D1671398100D63C6C /* ui_close_icon.png in Resources */,
				5AD6928C16718B2100D8C396 /* jj_if.aif in Resources */,
				5AD6928D16718B2100D8C396 /* jj_mf.aif in Resources */,
				5AD6929016718EDF00D8C396 /* trash.mp3 in Resources */,
				5AD692921671908800D8C396 /* click.mp3 in Resources */,
				5AC552081672A7A9002F28A8 /* and.mp3 in Resources */,
				5AC552091672A7A9002F28A8 /* hill.mp3 in Resources */,
				5AC5520A1672A7A9002F28A8 /* jack.mp3 in Resources */,
				5AC5520B1672A7A9002F28A8 /* jill.mp3 in Resources */,
				5AC5520C1672A7A9002F28A8 /* the.mp3 in Resources */,
				5AC5520D1672A7A9002F28A8 /* up.mp3 in Resources */,
				5AC5520E1672A7A9002F28A8 /* went.mp3 in Resources */,
			);
			runOnlyForDeploymentPostprocessing = 0;
		};
/* End PBXResourcesBuildPhase section */

/* Begin PBXSourcesBuildPhase section */
		5A2284481645C0170066BD93 /* Sources */ = {
			isa = PBXSourcesBuildPhase;
			buildActionMask = 2147483647;
			files = (
				5AED84D31651609E0011BB36 /* Actor.m in Sources */,
				5AED84D41651609E0011BB36 /* AppDelegate.m in Sources */,
				5AED84D51651609E0011BB36 /* ViewController.m in Sources */,
				5AED84E2165161510011BB36 /* main.m in Sources */,
				5A340E9A166DA89C00784BA5 /* recordViewController.m in Sources */,
			);
			runOnlyForDeploymentPostprocessing = 0;
		};
/* End PBXSourcesBuildPhase section */

/* Begin PBXVariantGroup section */
		5A340E9C166DA8AA00784BA5 /* recordViewController.xib */ = {
			isa = PBXVariantGroup;
			children = (
				5A340E9D166DA8AA00784BA5 /* en */,
			);
			name = recordViewController.xib;
			sourceTree = "<group>";
		};
		5AED84FA165161E20011BB36 /* InfoPlist.strings */ = {
			isa = PBXVariantGroup;
			children = (
				5AED84FB165161E20011BB36 /* en */,
			);
			name = InfoPlist.strings;
			sourceTree = "<group>";
		};
		5AED84FC165161E20011BB36 /* ViewController.xib */ = {
			isa = PBXVariantGroup;
			children = (
				5AED84FD165161E20011BB36 /* en */,
			);
			name = ViewController.xib;
			sourceTree = "<group>";
		};
/* End PBXVariantGroup section */

/* Begin XCBuildConfiguration section */
		5A22846E1645C0180066BD93 /* Debug */ = {
			isa = XCBuildConfiguration;
			buildSettings = {
				ALWAYS_SEARCH_USER_PATHS = NO;
				CLANG_CXX_LANGUAGE_STANDARD = "gnu++0x";
				CLANG_CXX_LIBRARY = "libc++";
				CLANG_ENABLE_OBJC_ARC = YES;
				CLANG_WARN_EMPTY_BODY = YES;
				CLANG_WARN__DUPLICATE_METHOD_MATCH = YES;
				"CODE_SIGN_IDENTITY[sdk=iphoneos*]" = "iPhone Developer: Tj Fletcher (XYAYRYN2G9)";
				COPY_PHASE_STRIP = NO;
				GCC_C_LANGUAGE_STANDARD = gnu99;
				GCC_DYNAMIC_NO_PIC = NO;
				GCC_OPTIMIZATION_LEVEL = 0;
				GCC_PREPROCESSOR_DEFINITIONS = (
					"DEBUG=1",
					"$(inherited)",
				);
				GCC_SYMBOLS_PRIVATE_EXTERN = NO;
				GCC_WARN_ABOUT_RETURN_TYPE = YES;
				GCC_WARN_UNINITIALIZED_AUTOS = YES;
				GCC_WARN_UNUSED_VARIABLE = YES;
				IPHONEOS_DEPLOYMENT_TARGET = 6.0;
				ONLY_ACTIVE_ARCH = YES;
				"PROVISIONING_PROFILE[sdk=iphoneos*]" = "08CCFA71-1CC6-43F5-BD8D-C7E0882A313B";
				SDKROOT = iphoneos;
				TARGETED_DEVICE_FAMILY = 2;
			};
			name = Debug;
		};
		5A22846F1645C0180066BD93 /* Release */ = {
			isa = XCBuildConfiguration;
			buildSettings = {
				ALWAYS_SEARCH_USER_PATHS = NO;
				CLANG_CXX_LANGUAGE_STANDARD = "gnu++0x";
				CLANG_CXX_LIBRARY = "libc++";
				CLANG_ENABLE_OBJC_ARC = YES;
				CLANG_WARN_EMPTY_BODY = YES;
				CLANG_WARN__DUPLICATE_METHOD_MATCH = YES;
				"CODE_SIGN_IDENTITY[sdk=iphoneos*]" = "iPhone Distribution: Tj Fletcher";
				COPY_PHASE_STRIP = YES;
				GCC_C_LANGUAGE_STANDARD = gnu99;
				GCC_WARN_ABOUT_RETURN_TYPE = YES;
				GCC_WARN_UNINITIALIZED_AUTOS = YES;
				GCC_WARN_UNUSED_VARIABLE = YES;
				IPHONEOS_DEPLOYMENT_TARGET = 6.0;
				OTHER_CFLAGS = "-DNS_BLOCK_ASSERTIONS=1";
				"PROVISIONING_PROFILE[sdk=iphoneos*]" = "78A3B356-0CC6-4CC5-9244-D4DFA6C791AE";
				SDKROOT = iphoneos;
				TARGETED_DEVICE_FAMILY = 2;
				VALIDATE_PRODUCT = YES;
			};
			name = Release;
		};
		5A2284711645C0180066BD93 /* Debug */ = {
			isa = XCBuildConfiguration;
			buildSettings = {
				"CODE_SIGN_IDENTITY[sdk=iphoneos*]" = "iPhone Developer: Tj Fletcher (XYAYRYN2G9)";
				GCC_PRECOMPILE_PREFIX_HEADER = YES;
				GCC_PREFIX_HEADER = "IncompleteStorybookApp/IncompleteStorybookApp-Prefix.pch";
				INFOPLIST_FILE = "$(SRCROOT)/IncompleteStorybookApp/IncompleteStorybookApp-Info.plist";
				IPHONEOS_DEPLOYMENT_TARGET = 5.1;
				PRODUCT_NAME = IncompleteStorybookApp;
				"PROVISIONING_PROFILE[sdk=iphoneos*]" = "08CCFA71-1CC6-43F5-BD8D-C7E0882A313B";
				WRAPPER_EXTENSION = app;
			};
			name = Debug;
		};
		5A2284721645C0180066BD93 /* Release */ = {
			isa = XCBuildConfiguration;
			buildSettings = {
				"CODE_SIGN_IDENTITY[sdk=iphoneos*]" = "iPhone Distribution: Tj Fletcher";
				GCC_PRECOMPILE_PREFIX_HEADER = YES;
				GCC_PREFIX_HEADER = "IncompleteStorybookApp/IncompleteStorybookApp-Prefix.pch";
				INFOPLIST_FILE = "$(SRCROOT)/IncompleteStorybookApp/IncompleteStorybookApp-Info.plist";
				IPHONEOS_DEPLOYMENT_TARGET = 5.1;
				PRODUCT_NAME = IncompleteStorybookApp;
				"PROVISIONING_PROFILE[sdk=iphoneos*]" = "78A3B356-0CC6-4CC5-9244-D4DFA6C791AE";
				WRAPPER_EXTENSION = app;
			};
			name = Release;
		};
/* End XCBuildConfiguration section */

/* Begin XCConfigurationList section */
		5A2284461645C0170066BD93 /* Build configuration list for PBXProject "IncompleteStorybookApp" */ = {
			isa = XCConfigurationList;
			buildConfigurations = (
				5A22846E1645C0180066BD93 /* Debug */,
				5A22846F1645C0180066BD93 /* Release */,
			);
			defaultConfigurationIsVisible = 0;
			defaultConfigurationName = Release;
		};
		5A2284701645C0180066BD93 /* Build configuration list for PBXNativeTarget "IncompleteStorybookApp" */ = {
			isa = XCConfigurationList;
			buildConfigurations = (
				5A2284711645C0180066BD93 /* Debug */,
				5A2284721645C0180066BD93 /* Release */,
			);
			defaultConfigurationIsVisible = 0;
			defaultConfigurationName = Release;
		};
/* End XCConfigurationList section */
	};
	rootObject = 5A2284431645C0170066BD93 /* Project object */;
}
